
Microsoft Visual Studio Solution File, Format Version 12.00
# Visual Studio Version 17
VisualStudioVersion = 17.4.33213.308
MinimumVisualStudioVersion = 10.0.40219.1
Project("{FAE04EC0-301F-11D3-BF4B-00C04F79EFBC}") = "SportsCarnivalWeb", "SportsCarnivalWeb\SportsCarnivalWeb.csproj", "{5A0FF225-99E6-4699-BF24-9BA31D296F2B}"
EndProject
Global
	GlobalSection(SolutionConfigurationPlatforms) = preSolution
		Debug|Any CPU = Debug|Any CPU
		Release|Any CPU = Release|Any CPU
	EndGlobalSection
	GlobalSection(ProjectConfigurationPlatforms) = postSolution
		{5A0FF225-99E6-4699-BF24-9BA31D296F2B}.Debug|Any CPU.ActiveCfg = Debug|Any CPU
		{5A0FF225-99E6-4699-BF24-9BA31D296F2B}.Debug|Any CPU.Build.0 = Debug|Any CPU
		{5A0FF225-99E6-4699-BF24-9BA31D296F2B}.Release|Any CPU.ActiveCfg = Release|Any CPU
		{5A0FF225-99E6-4699-BF24-9BA31D296F2B}.Release|Any CPU.Build.0 = Release|Any CPU
	EndGlobalSection
	GlobalSection(SolutionProperties) = preSolution
		HideSolutionNode = FALSE
	EndGlobalSection
	GlobalSection(ExtensibilityGlobals) = postSolution
		SolutionGuid = {C7D5E692-E8EA-4C5A-8657-EC3F20499936}
	EndGlobalSection
EndGlobal
