
Microsoft Visual Studio Solution File, Format Version 12.00
# Visual Studio Version 17
VisualStudioVersion = 17.4.33213.308
MinimumVisualStudioVersion = 10.0.40219.1
Project("{9A19103F-16F7-4668-BE54-9A1E7A4F7556}") = "SportsCarnivalWeb", "SportsCarnivalWeb\SportsCarnivalWeb.csproj", "{5A0FF225-99E6-4699-BF24-9BA31D296F2B}"
EndProject
Project("{FAE04EC0-301F-11D3-BF4B-00C04F79EFBC}") = "CarnivalServices", "CarnivalServices\CarnivalServices.csproj", "{FA7CFF7D-4459-497D-B754-84A3DB5C5BA5}"
EndProject
Project("{FAE04EC0-301F-11D3-BF4B-00C04F79EFBC}") = "CarnivalRepository", "CarnivalRepository\CarnivalRepository.csproj", "{3B95FA4D-E3AF-4B92-95E4-D0234163195E}"
EndProject
Global
	GlobalSection(SolutionConfigurationPlatforms) = preSolution
		Debug|Any CPU = Debug|Any CPU
		Release|Any CPU = Release|Any CPU
	EndGlobalSection
	GlobalSection(ProjectConfigurationPlatforms) = postSolution
		{5A0FF225-99E6-4699-BF24-9BA31D296F2B}.Debug|Any CPU.ActiveCfg = Debug|Any CPU
		{5A0FF225-99E6-4699-BF24-9BA31D296F2B}.Debug|Any CPU.Build.0 = Debug|Any CPU
		{5A0FF225-99E6-4699-BF24-9BA31D296F2B}.Release|Any CPU.ActiveCfg = Release|Any CPU
		{5A0FF225-99E6-4699-BF24-9BA31D296F2B}.Release|Any CPU.Build.0 = Release|Any CPU
		{FA7CFF7D-4459-497D-B754-84A3DB5C5BA5}.Debug|Any CPU.ActiveCfg = Debug|Any CPU
		{FA7CFF7D-4459-497D-B754-84A3DB5C5BA5}.Debug|Any CPU.Build.0 = Debug|Any CPU
		{FA7CFF7D-4459-497D-B754-84A3DB5C5BA5}.Release|Any CPU.ActiveCfg = Release|Any CPU
		{FA7CFF7D-4459-497D-B754-84A3DB5C5BA5}.Release|Any CPU.Build.0 = Release|Any CPU
		{3B95FA4D-E3AF-4B92-95E4-D0234163195E}.Debug|Any CPU.ActiveCfg = Debug|Any CPU
		{3B95FA4D-E3AF-4B92-95E4-D0234163195E}.Debug|Any CPU.Build.0 = Debug|Any CPU
		{3B95FA4D-E3AF-4B92-95E4-D0234163195E}.Release|Any CPU.ActiveCfg = Release|Any CPU
		{3B95FA4D-E3AF-4B92-95E4-D0234163195E}.Release|Any CPU.Build.0 = Release|Any CPU
	EndGlobalSection
	GlobalSection(SolutionProperties) = preSolution
		HideSolutionNode = FALSE
	EndGlobalSection
	GlobalSection(ExtensibilityGlobals) = postSolution
		SolutionGuid = {C7D5E692-E8EA-4C5A-8657-EC3F20499936}
	EndGlobalSection
EndGlobal
